
Microsoft Visual Studio Solution File, Format Version 12.00
# Visual Studio Version 16
VisualStudioVersion = 16.0.33423.256
MinimumVisualStudioVersion = 10.0.40219.1
Project("{FAE04EC0-301F-11D3-BF4B-00C04F79EFBC}") = "MidtermProject", "MidtermProject.csproj", "{68D48A98-5503-4A46-BD03-93A30A35F600}"
EndProject
Global
	GlobalSection(SolutionConfigurationPlatforms) = preSolution
		Debug|Any CPU = Debug|Any CPU
		Release|Any CPU = Release|Any CPU
	EndGlobalSection
	GlobalSection(ProjectConfigurationPlatforms) = postSolution
		{68D48A98-5503-4A46-BD03-93A30A35F600}.Debug|Any CPU.ActiveCfg = Debug|Any CPU
		{68D48A98-5503-4A46-BD03-93A30A35F600}.Debug|Any CPU.Build.0 = Debug|Any CPU
		{68D48A98-5503-4A46-BD03-93A30A35F600}.Release|Any CPU.ActiveCfg = Release|Any CPU
		{68D48A98-5503-4A46-BD03-93A30A35F600}.Release|Any CPU.Build.0 = Release|Any CPU
	EndGlobalSection
	GlobalSection(SolutionProperties) = preSolution
		HideSolutionNode = FALSE
	EndGlobalSection
	GlobalSection(ExtensibilityGlobals) = postSolution
		SolutionGuid = {EC6A12BE-A3CB-411D-817A-D986ECCEBCE1}
	EndGlobalSection
EndGlobal
